
Microsoft Visual Studio Solution File, Format Version 12.00
# Visual Studio Version 16
VisualStudioVersion = 16.0.31515.178
MinimumVisualStudioVersion = 10.0.40219.1
Project("{8BC9CEB8-8B4A-11D0-8D11-00A0C91BC942}") = "Project34", "Project34\Project34.vcxproj", "{9A5A14E3-2214-406E-AE47-AA163B2BB4FB}"
EndProject
Global
	GlobalSection(SolutionConfigurationPlatforms) = preSolution
		Debug|x64 = Debug|x64
		Debug|x86 = Debug|x86
		Release|x64 = Release|x64
		Release|x86 = Release|x86
	EndGlobalSection
	GlobalSection(ProjectConfigurationPlatforms) = postSolution
		{9A5A14E3-2214-406E-AE47-AA163B2BB4FB}.Debug|x64.ActiveCfg = Debug|x64
		{9A5A14E3-2214-406E-AE47-AA163B2BB4FB}.Debug|x64.Build.0 = Debug|x64
		{9A5A14E3-2214-406E-AE47-AA163B2BB4FB}.Debug|x86.ActiveCfg = Debug|Win32
		{9A5A14E3-2214-406E-AE47-AA163B2BB4FB}.Debug|x86.Build.0 = Debug|Win32
		{9A5A14E3-2214-406E-AE47-AA163B2BB4FB}.Release|x64.ActiveCfg = Release|x64
		{9A5A14E3-2214-406E-AE47-AA163B2BB4FB}.Release|x64.Build.0 = Release|x64
		{9A5A14E3-2214-406E-AE47-AA163B2BB4FB}.Release|x86.ActiveCfg = Release|Win32
		{9A5A14E3-2214-406E-AE47-AA163B2BB4FB}.Release|x86.Build.0 = Release|Win32
	EndGlobalSection
	GlobalSection(SolutionProperties) = preSolution
		HideSolutionNode = FALSE
	EndGlobalSection
	GlobalSection(ExtensibilityGlobals) = postSolution
		SolutionGuid = {E55D0097-8784-48A2-9F3A-79AA7DD64D13}
	EndGlobalSection
EndGlobal
